
Microsoft Visual Studio Solution File, Format Version 12.00
# Visual Studio Version 17
VisualStudioVersion = 17.13.35828.75 d17.13
MinimumVisualStudioVersion = 10.0.40219.1
Project("{FAE04EC0-301F-11D3-BF4B-00C04F79EFBC}") = "lab3", "lab3.csproj", "{314BC9A8-6F84-4C8F-8EF1-B3ED97445AE0}"
EndProject
Global
	GlobalSection(SolutionConfigurationPlatforms) = preSolution
		Debug|Any CPU = Debug|Any CPU
		Release|Any CPU = Release|Any CPU
	EndGlobalSection
	GlobalSection(ProjectConfigurationPlatforms) = postSolution
		{314BC9A8-6F84-4C8F-8EF1-B3ED97445AE0}.Debug|Any CPU.ActiveCfg = Debug|Any CPU
		{314BC9A8-6F84-4C8F-8EF1-B3ED97445AE0}.Debug|Any CPU.Build.0 = Debug|Any CPU
		{314BC9A8-6F84-4C8F-8EF1-B3ED97445AE0}.Release|Any CPU.ActiveCfg = Release|Any CPU
		{314BC9A8-6F84-4C8F-8EF1-B3ED97445AE0}.Release|Any CPU.Build.0 = Release|Any CPU
	EndGlobalSection
	GlobalSection(SolutionProperties) = preSolution
		HideSolutionNode = FALSE
	EndGlobalSection
	GlobalSection(ExtensibilityGlobals) = postSolution
		SolutionGuid = {C15EA019-7AA2-40D7-B90B-4C4D1D95DB7C}
	EndGlobalSection
EndGlobal
